
Microsoft Visual Studio Solution File, Format Version 12.00
# Visual Studio Version 16
VisualStudioVersion = 16.0.30128.74
MinimumVisualStudioVersion = 10.0.40219.1
Project("{FAE04EC0-301F-11D3-BF4B-00C04F79EFBC}") = "AI900-LAB01", "AI900-LAB01\AI900-LAB01.csproj", "{76076D55-4011-4FEE-BF85-3CE13487A335}"
EndProject
Global
	GlobalSection(SolutionConfigurationPlatforms) = preSolution
		Debug|Any CPU = Debug|Any CPU
		Release|Any CPU = Release|Any CPU
	EndGlobalSection
	GlobalSection(ProjectConfigurationPlatforms) = postSolution
		{76076D55-4011-4FEE-BF85-3CE13487A335}.Debug|Any CPU.ActiveCfg = Debug|Any CPU
		{76076D55-4011-4FEE-BF85-3CE13487A335}.Debug|Any CPU.Build.0 = Debug|Any CPU
		{76076D55-4011-4FEE-BF85-3CE13487A335}.Release|Any CPU.ActiveCfg = Release|Any CPU
		{76076D55-4011-4FEE-BF85-3CE13487A335}.Release|Any CPU.Build.0 = Release|Any CPU
	EndGlobalSection
	GlobalSection(SolutionProperties) = preSolution
		HideSolutionNode = FALSE
	EndGlobalSection
	GlobalSection(ExtensibilityGlobals) = postSolution
		SolutionGuid = {5FA796D3-BFE4-4A14-A105-1AE73365F544}
	EndGlobalSection
EndGlobal
